{
    "_meta": {
        "hash": {
            "sha256": "b09e0967a0cabdafc97632bf08f2a4dda4195303fef6c95e4010c6a01497cb7e"
        },
        "pipfile-spec": 6,
        "requires": {},
        "sources": [
            {
                "name": "pypi",
                "url": "https://pypi.python.org/simple",
                "verify_ssl": true
            }
        ]
    },
    "default": {
        "certifi": {
            "hashes": [
                "sha256:35824b4c3a97115964b408844d64aa14db1cc518f6562e8d7261699d1350a9e3",
                "sha256:4ad3232f5e926d6718ec31cfc1fcadfde020920e278684144551c91769c7bc18"
            ],
            "index": "pypi",
            "version": "==2022.12.7"
        },
        "charset-normalizer": {
            "hashes": [
                "sha256:5a3d016c7c547f69d6f81fb0db9449ce888b418b5b9952cc5e6e66843e9dd845",
                "sha256:83e9a75d1911279afd89352c68b45348559d1fc0506b054b346651b5e7fee29f"
            ],
            "markers": "python_full_version >= '3.6.0'",
            "version": "==2.1.1"
        },
        "falcon": {
            "hashes": [
                "sha256:18157af2a4fc3feedf2b5dcc6196f448639acf01c68bc33d4d5a04c3ef87f494",
                "sha256:24adcd2b29a8ffa9d552dc79638cd21736a3fb04eda7d102c6cebafdaadb88ad",
                "sha256:54f2cb4b687035b2a03206dbfc538055cc48b59a953187b0458aa1b574d47b53",
                "sha256:59d1e8c993b9a37ea06df9d72cf907a46cc8063b30717cdac2f34d1658b6f936",
                "sha256:733033ec80c896e30a43ab3e776856096836787197a44eb21022320a61311983",
                "sha256:74cf1d18207381c665b9e6292d65100ce146d958707793174b03869dc6e614f4",
                "sha256:95bf6ce986c1119aef12c9b348f4dee9c6dcc58391bdd0bc2b0bf353c2b15986",
                "sha256:9712975adcf8c6e12876239085ad757b8fdeba223d46d23daef82b47658f83a9",
                "sha256:a5ebb22a04c9cc65081938ee7651b4e3b4d2a28522ea8ec04c7bdd2b3e9e8cd8",
                "sha256:aa184895d1ad4573fbfaaf803563d02f019ebdf4790e41cc568a330607eae439",
                "sha256:e3782b7b92fefd46a6ad1fd8fe63fe6c6f1b7740a95ca56957f48d1aee34b357",
                "sha256:e9efa0791b5d9f9dd9689015ea6bce0a27fcd5ecbcd30e6d940bffa4f7f03389",
                "sha256:eea593cf466b9c126ce667f6d30503624ef24459f118c75594a69353b6c3d5fc",
                "sha256:f93351459f110b4c1ee28556aef9a791832df6f910bea7b3f616109d534df06b"
            ],
            "markers": "python_version >= '2.7' and python_version not in '3.0, 3.1, 3.2, 3.3'",
            "version": "==2.0.0"
        },
        "grpcio": {
            "hashes": [
                "sha256:07b83c06e7d113044cf3da15ca52f578c5f3dca299af711e9a589c1b71eb8be5",
                "sha256:0c9e42f2499c8603af1d88771dc97e2c6b0310c278337058fd7fd1ddb35ab853",
                "sha256:0e92dc6a85cd1de42527812ef1276095e62169d002d86c888b6e889fcda1dd29",
                "sha256:0f76287d98ec79a38cba8292d0bdcd6ab9b9daf568dce1d53b9eb0135fc14d26",
                "sha256:18afdda2bbe0c615da4daff754cab0df9bbd859c415d85e7e741a2975b3208b4",
                "sha256:1af074f28a56425e4f4d99761708981543a27ae963f5b4b0a36ff71f3483479d",
                "sha256:1d1a320230e0d020880178b8eb453300bd57700b44c3744268370502e7376a9b",
                "sha256:1deeb84bb344351434f999cea4704ac6f1e07b3d861e34c44b50d8afa06caaa1",
                "sha256:1df931fbb4c36363d2cb985c2c26fda8f060b541a89c6c1191fdb59151a8c934",
                "sha256:1fcced1abb13cdb6a5d8b105765d30212a6cb29ab0dfb01eedecf2ff6c84371b",
                "sha256:24c63592103fded38b258f1e520ba8b0a7a0bbc397cddd6520a1f74dc4b5dec0",
                "sha256:2b4f5671f9e88b7f51f54adda37a23277b7fdebd1557c47543b3e8a8044dd510",
                "sha256:33f7678287ac330c94e25f96cdb951e0861e206115ba4d8ea66cf6546b1a09d0",
                "sha256:3b789472e9ef75d179295d0c6a1f7f0aefd08189cd1c822b068b0523365a1dbe",
                "sha256:431f864f2642a97d0aa8c6b606c307f03d22f919b1a226af90488426aed35809",
                "sha256:504af9e86ab01c9c33d8a452fe846aa931d024945f2e897537ccb8f7d76778ee",
                "sha256:53d34cbf212f03634d74ba366d595b4a06a3b60fcc731eddbd6fd7ebe4acf981",
                "sha256:590c7206f764cfe37a65003a75977358e20919ed488f970935f54efa2741b497",
                "sha256:5b403c4ad22f3ba37c7720547d8888a1e4b74ad980a94332bbbc50330b623abc",
                "sha256:5b49f372df33f5f84865aef5d46cacd23180b586c80e8cbe0ce149b96dfa8c4c",
                "sha256:6275a54b41d6b1ec539b019bc3affaf6d05b0a0ba36af1a65b8a2810ef69e07d",
                "sha256:69e99fe6bdc2cdacd04cef6b6585b00630d958c98e36d825de3eea406e15fb31",
                "sha256:6be86e8d5cf47415968588e5dfbfb92ee8757fb41139584192b67050d1a72c58",
                "sha256:712113946b303db9ae4245a13de213710367850a6c3c53530b70e87989feb8e0",
                "sha256:7734d1b91f1f3b1f186debf8ec4d168ee088a54e8186c14d89a95f7e51d3198d",
                "sha256:7b44ed75b9d67d17e5a098a0f99a8fd3e5861fd3c4eb54212277a0acdf298434",
                "sha256:7cbf1e3aaec3edf734ef90182363a395d234cd4790544be914cedbe1b9fec99a",
                "sha256:7e6885a8431939f1ee547e965fa3cb801a518b83d3d3509e90dbef78f0b5fd29",
                "sha256:7ea235cecb9df14b49a75cbd27a634683a96bb76576363407ec820ae454ce2b2",
                "sha256:80a8867746cff41c2db436dd9eea18ebbfcd0449d65b64b3ed3c995207898971",
                "sha256:8166ac6671472d172cc0db50323b7a7504bd534de54aa31354465a00ca44409d",
                "sha256:8fc7667564c8c15748354dea1bb4035c5118df4e9dc5154ccdb6e62a3e5a2bac",
                "sha256:9efbedc737ba342d8a2459afc9bd5c5df31adcdf774b772a4e663739f2cf0d06",
                "sha256:a3bee217bda6b2c81d9e2866f523217135a03a007a89043eee074e93d76706b0",
                "sha256:b16258a31269b97e26a08d71b5deb56499e86077d26e453fad8f6ec4c06fe666",
                "sha256:b676c4365a5753bc8c49f922a5f88bdb5df6746c670a9d859d2ba2f5f97d9269",
                "sha256:bea6a20c5a732a27b64623d43614b3022e6fcfc081a75236b7f9aa069d2eaa4d",
                "sha256:d406cf2f6ccf39883a24b048c448a37bac16939408c1b6fbb4d021f3cd961448",
                "sha256:d9c51ca201326b49cfee38336c6e7dd1cb8a6b6d0dcf84aeaecbae310a736dbc",
                "sha256:df07843c8c0dc71a56d3af3dfe19165fb0d3af7d3354a72185f6fa1b4ac05cab",
                "sha256:ea84becb5cbd6a94a810c5214eb263ae57e915a9ed1bdcd5b4a6baf13d8c5177",
                "sha256:f14a82d12d53eb93298c35edf88d8c3ef37243b95f94dd3c75fddcba575d34ab",
                "sha256:f3761f9a6817e32898eaa5aecd0b0ad69d0c68ab45ea7bf206e8dc4548f025f0",
                "sha256:f7e66d8b31ef2bada7029275debbe12c97397ec7ac70a659837a7b8a6a9dc916",
                "sha256:f9f7c0dd17f24e1774cc3a8df738246772994e853c28b28ed6ba7711ccf0abb4"
            ],
            "index": "pypi",
            "markers": "python_version >= '3.7'",
            "version": "==1.53.2"
        },
        "grpcio-tools": {
            "hashes": [
                "sha256:089be110fc7e853709f68505be508aa055eff96bcb9b138e15f043bdb9d89011",
                "sha256:0928912acdf5a9e93fc3c47e37f2c81fc48ed019a40964abe8cbd927d3b2a9cb",
                "sha256:0c78d3b2d46f5b704928dcedc34ec084d765b492781ebeae565ee2adba18ad9a",
                "sha256:160c8c1f27bb44629da5e0c1e8e656ca2cda001bfb2fb7e346172933e08dc456",
                "sha256:169c4b218584b071201b01ae2354bf3adf2f7d927b04154825f19b3764394fbf",
                "sha256:296acc97fd54957a2e3a25c28ab667a1e8e7ccc5daf97866e2af0960c63341cb",
                "sha256:2af37ee55e466d364ca121273c1332e6430c0006c172a490d3594c8cacceb577",
                "sha256:2ca9b683db30cb29b00eb6a8274e700f8a585c9c8678213ec83f52cd1895eac5",
                "sha256:2df744b0a1b70e80392fba66fb2141f8c88ecd4fff5c46f04e7e4c976fe05339",
                "sha256:33d448bfdb65763ae2d4889b3981688dcf805df9b038c73fed12addf7bebd0a4",
                "sha256:3454b4332dbe80f0692317d315f34acc086d6c347d3f6527b05a774a5712af84",
                "sha256:3a03757a79ed9cff536bec1394721bbdc279dd59d8c0827101ba80eab894836d",
                "sha256:5f2b65df9ba3b83141d9a53a841758c97792ce36d7cf2067f657af0b43773c29",
                "sha256:601bd2001ba9e4f2ccdf7b363c436397dcc5211194fe180fa0ad2a21df5a738e",
                "sha256:62bb395d1d4e077bc1109d248e23af3200429c8e3358d47cf1a6c2ec7a429716",
                "sha256:6876271f360248a9cf37e7c2d0f8c3c034be53b3d6a5d015fb5e69a014bf121f",
                "sha256:755ccf09cbb16c0516a1e3d8db49ce2a657fd78d0bfc2491cb6520dfa6b43ddc",
                "sha256:7874f5783bdf6afd8f8b6de721952ccc6568cf71fc7dae695a296998cd2cf1d5",
                "sha256:7878adb93b0c1941eb2e0bed60719f38cda2ae5568bc0bcaa701f457e719a329",
                "sha256:83cd3231ce1c88fa2c896cab164320245ee371d45ea054375beb5a0cd75ce4da",
                "sha256:912dbabb7e29dbc0f4457c214a2cb9738e224553e9d177224ec357c2f295b533",
                "sha256:9165773bb93aff153abce255a25ccabb5d94d1103ee195ec60fef127a2c5a035",
                "sha256:96338008a77fc284443707ebd014bb4114cd97ab529ebd63f157f83cbcb6e88d",
                "sha256:9af3bcfdceb3a5f89670808a129c2cf4f5d5d0d5018f0e1c7faf58a4d9547f76",
                "sha256:a4fca9bea2ee4896164f83dde28aaa7407ce27343eb265f41b1122e5c91da6ec",
                "sha256:c3528d8f72fbd8cec8770af6989054a9b945c58bd685042abcbd8d5ea4333f9f",
                "sha256:de1ee76eba242d866fc030d5cc58f90181eb89de9ae30387e6e8d5a11f547981",
                "sha256:e82b7d382d525a0649f87fb86a993fdf385b16f15c9c29d15f8da7b9e53dc6ac",
                "sha256:ecdd0fa0fd71a9754bbd75927d391be26c4f0b556563c742780da085aa8d530d",
                "sha256:faa9ae69d1c623da0e65385406c4cfa782966be3cf3bdf2c6faa6f46281a4d49",
                "sha256:fd61d5492219f59d11d390bc223b937ef80e36aee84218497135226fdf5f41d1"
            ],
            "index": "pypi",
            "version": "==1.30.0"
        },
        "hug": {
            "hashes": [
                "sha256:31c8fc284f81377278629a4b94cbb619ae9ce829cdc2da9564ccc66a121046b4",
                "sha256:b0edace2acb618873779c9ce6ecf9165db54fef95c22262f5700fcdd9febaec9"
            ],
            "index": "pypi",
            "version": "==2.6.1"
        },
        "hug-middleware-cors": {
            "hashes": [
                "sha256:33fbc3cf5bf9cd9f62268e6cf4eac7d9ceb0385dc0669faa5113a6edffb6cd1a",
                "sha256:96222e06db1a2748ec0ef0f51da2165faf59c69f40593a639c3f72e0b2375a58"
            ],
            "index": "pypi",
            "version": "==1.0.0"
        },
        "idna": {
            "hashes": [
                "sha256:814f528e8dead7d329833b91c5faa87d60bf71824cd12a7530b5526063d02cb4",
                "sha256:90b77e79eaa3eba6de819a0c442c0b4ceefc341a7a2ab77d7562bf49f425c5c2"
            ],
            "markers": "python_version >= '3.5'",
            "version": "==3.4"
        },
        "protobuf": {
            "hashes": [
                "sha256:25266bf373ee06d5d66f9eb1ec9d434b243dccce5c32faf151054cfa6f9dcbf1",
                "sha256:260e346927fd4e6fbb49ab545137b19610c24a1d853dc5f29ddf777ab1987211",
                "sha256:2c6a4d13732d9b094db31b3841986c38b17ac61a3fe05ee26a779d94c4c3fb43",
                "sha256:4922e3320ed70e81f05060822da36923d09fd9e04e17f411f2d8d8d0070f9f5c",
                "sha256:4b75c947289a2e9c1f37d21c593f1ef6fb4fed33977dfb2ac84f799eb29a8ff4",
                "sha256:4d01ef83517c181d60ea1c6d0b2f644be250ade740d6554a2f5a021b1ad622e3",
                "sha256:553e35c0878f6855e55f01a14561e6bce6df79b6636a5acf83b9d9ac7eab7922",
                "sha256:85ccb4753ee21de7dc81a7a68a051f25dbe133ffa01a639ac998427d0b223387",
                "sha256:a5a14b907a191319e7a58b38c583bbf50deb21e002f723a912c5e4f6969a778e",
                "sha256:a944dc9550baae276afc7dc8193191d4c2ad660270a1e5ed5a71539817ebe2e2",
                "sha256:bab4b21a986ded225b9392c07ce21c35d790951f51e1ebfd32e4d443b05c3726",
                "sha256:c3b9e329b4c247dc3ba5c50f60915a84e08278eb6d9e3fa674d0d04ff816bfd7",
                "sha256:d91a47c77b33580024b0271b65bb820c4e0264c25eb49151ad01e691de8fa0b6",
                "sha256:efb16b16fd3eef25357f84d516062753014b76279ce4e0ec4880badd2fba7370"
            ],
            "markers": "python_version >= '3.7'",
            "version": "==4.21.11"
        },
        "redis": {
            "hashes": [
                "sha256:0e7e0cfca8660dea8b7d5cd8c4f6c5e29e11f31158c0b0ae91a397f00e5a05a2",
                "sha256:432b788c4530cfe16d8d943a09d40ca6c16149727e4afe8c2c9d5580c59d9f24"
            ],
            "index": "pypi",
            "version": "==3.5.3"
        },
        "requests": {
            "hashes": [
                "sha256:7c5599b102feddaa661c826c56ab4fee28bfd17f5abca1ebbe3e7f19d7c97983",
                "sha256:8fefa2a1a1365bf5520aac41836fbee479da67864514bdb821f31ce07ce65349"
            ],
            "markers": "python_version >= '3.7' and python_version < '4'",
            "version": "==2.28.1"
        },
        "six": {
            "hashes": [
                "sha256:1e61c37477a1626458e36f7b1d82aa5c9b094fa4802892072e49de9c60c4c926",
                "sha256:8abb2f1d86890a2dfb989f9a77cfcfd3e47c2a354b01111771326f8aa26e0254"
            ],
            "markers": "python_version >= '2.7' and python_version not in '3.0, 3.1, 3.2, 3.3'",
            "version": "==1.16.0"
        },
        "urllib3": {
            "hashes": [
                "sha256:47cc05d99aaa09c9e72ed5809b60e7ba354e64b59c9c173ac3018642d8bb41fc",
                "sha256:c083dd0dce68dbfbe1129d5271cb90f9447dea7d52097c6e0126120c521ddea8"
            ],
            "markers": "python_version >= '2.7' and python_version not in '3.0, 3.1, 3.2, 3.3, 3.4, 3.5'",
            "version": "==1.26.13"
        }
    },
    "develop": {}
}
